github.com/andybalholm/brotli v1.2.0 h1:ukwgCxwYrmACq68yiUqwIWnGY0cTPox/M94sVwToPjQ=
github.com/andybalholm/brotli v1.2.0/go.mod h1:rzTDkvFWvIrjDXZHkuS16NPggd91W3kUSvPlQ1pLaKY=
github.com/cpuguy83/go-md2man/v2 v2.0.6/go.mod h1:oOW0eioCTA6cOiMLiUPZOpcVxMig6NIQQ7OS05n1F4g=
github.com/gizak/termui/v3 v3.1.0 h1:ZZmVDgwHl7gR7elfKf1xc4IudXZ5qqfDh4wExk4Iajc=
github.com/gizak/termui/v3 v3.1.0/go.mod h1:bXQEBkJpzxUAKf0+xq9MSWAvWZlE7c+aidmyFlkYTrY=
github.com/gorilla/websocket v1.5.3 h1:saDtZ6Pbx/0u+bgYQ3q96pZgCzfhKXGPqt7kZ72aNNg=
github.com/gorilla/websocket v1.5.3/go.mod h1:YR8l580nyteQvAITg2hZ9XVh4b55+EU/adAjf1fMHhE=
github.com/inconshreveable/mousetrap v1.1.0 h1:wN+x4NVGpMsO7ErUn/mUI3vEoE6Jt13X2s0bqwp9tc8=
github.com/inconshreveable/mousetrap v1.1.0/go.mod h1:vpF70FUmC8bwa3OWnCshd2FqLfsEA9PFc4w1p2J65bw=
github.com/klauspost/compress v1.18.0 h1:c/Cqfb0r+Yi+JtIEq73FWXVkRonBlf0CRNYc8Zttxdo=
github.com/klauspost/compress v1.18.0/go.mod h1:2Pp+KzxcywXVXMr50+X0Q/Lsb43OQHYWRCY2AiWywWQ=
github.com/mattn/go-runewidth v0.0.2 h1:UnlwIPBGaTZfPQ6T1IGzPI0EkYAQmT9fAEJ/poFC63o=
github.com/mattn/go-runewidth v0.0.2/go.mod h1:LwmH8dsx7+W8Uxz3IHJYH5QSwggIsqBzpuz5H//U1FU=
github.com/mitchellh/go-wordwrap v0.0.0-20150314170334-ad45545899c7 h1:DpOJ2HYzCv8LZP15IdmG+YdwD2luVPHITV96TkirNBM=
github.com/mitchellh/go-wordwrap v0.0.0-20150314170334-ad45545899c7/go.mod h1:ZXFpozHsX6DPmq2I0TCekCxypsnAUbP2oI0UX1GXzOo=
github.com/nostalgist134/FuzzGIU v0.1.8 h1:AObhBn565suUrWWcHP2tWNgLFrVRVCgu1Qg1tC7beIY=
github.com/nostalgist134/FuzzGIU v0.1.8/go.mod h1:Ec3H52yS8iv6Q9Cj8f34OXIPZ+5W8qUAJzldC43Pkh0=
github.com/nostalgist134/FuzzGIU v0.2.0-1/go.mod h1:pJJR3QigLUiIYnfsfw+5tkU2JyIXqEemUPR9s/6p1Xs=
github.com/nostalgist134/FuzzGIU v0.2.0-2/go.mod h1:pJJR3QigLUiIYnfsfw+5tkU2JyIXqEemUPR9s/6p1Xs=
github.com/nostalgist134/FuzzGIU v0.2.0-3 h1:0C5vsZbtM7xfosZIQaRo/iE8WPmeG3ub+VHrmWQ/IQ4=
github.com/nostalgist134/FuzzGIU v0.2.0-3/go.mod h1:T7ljxCP2IHxkDytZyF2dBJdpyZEq215gzvrauieVqmo=
github.com/nostalgist134/reusableBytes v0.0.5 h1:Uc1fCUIG/z8MLOJnuquRsDJuhT54rRvj63ZOSZa1aB4=
github.com/nostalgist134/reusableBytes v0.0.5/go.mod h1:mZemtIh4BOVlMNa+hxomvKz2+3IPuVTGSoBBOwdGKm8=
github.com/nostalgist134/reusableBytes v0.0.9 h1:DQu3nEJ40w5wwyUW5NuoTDi9Mr73dFjDqkfxL4GedOs=
github.com/nostalgist134/reusableBytes v0.0.9/go.mod h1:1p21T+oPrRE9K6dMgQ2xi0iE2G9SpjrsXsWd/D7WrCY=
github.com/nsf/termbox-go v0.0.0-20190121233118-02980233997d h1:x3S6kxmy49zXVVyhcnrFqxvNVCBPb2KZ9hV2RBdS840=
github.com/nsf/termbox-go v0.0.0-20190121233118-02980233997d/go.mod h1:IuKpRQcYE1Tfu+oAQqaLisqDeXgjyyltCfsaoYN18NQ=
github.com/russross/blackfriday/v2 v2.1.0/go.mod h1:+Rmxgy9KzJVeS9/2gXHxylqXiyQDYRxCVz55jmeOWTM=
github.com/spf13/cobra v1.9.1 h1:CXSaggrXdbHK9CF+8ywj8Amf7PBRmPCOJugH954Nnlo=
github.com/spf13/cobra v1.9.1/go.mod h1:nDyEzZ8ogv936Cinf6g1RU9MRY64Ir93oCnqb9wxYW0=
github.com/spf13/pflag v1.0.6 h1:jFzHGLGAlb3ruxLB8MhbI6A8+AQX/2eW4qeyNZXNp2o=
github.com/spf13/pflag v1.0.6/go.mod h1:McXfInJRrz4CZXVZOBLb0bTZqETkiAhM9Iw0y3An2Bg=
github.com/valyala/bytebufferpool v1.0.0 h1:GqA5TC/0021Y/b9FG4Oi9Mr3q7XYx6KllzawFIhcdPw=
github.com/valyala/bytebufferpool v1.0.0/go.mod h1:6bBcMArwyJ5K/AmCkWv1jt77kVWyCJ6HpOuEn7z0Csc=
github.com/valyala/fasthttp v1.65.0 h1:j/u3uzFEGFfRxw79iYzJN+TteTJwbYkru9uDp3d0Yf8=
github.com/valyala/fasthttp v1.65.0/go.mod h1:P/93/YkKPMsKSnATEeELUCkG8a7Y+k99uxNHVbKINr4=
golang.org/x/net v0.43.0 h1:lat02VYK2j4aLzMzecihNvTlJNQUq316m2Mr9rnM6YE=
golang.org/x/net v0.43.0/go.mod h1:vhO1fvI4dGsIjh73sWfUVjj3N7CA9WkKJNQm2svM6Jg=
golang.org/x/text v0.28.0 h1:rhazDwis8INMIwQ4tpjLDzUhx6RlXqZNPEM0huQojng=
golang.org/x/text v0.28.0/go.mod h1:U8nCwOR8jO/marOQ0QbDiOngZVEBB7MAiitBuMjXiNU=
gopkg.in/check.v1 v0.0.0-20161208181325-20d25e280405/go.mod h1:Co6ibVJAznAaIkqp8huTwlJQCZ016jof/cbN4VW5Yz0=
gopkg.in/yaml.v3 v3.0.1/go.mod h1:K4uyk7z7BCEPqu6E+C64Yfv1cQ7kz7rIZviUmN+EgEM=
