github.com/cpuguy83/go-md2man/v2 v2.0.6/go.mod h1:oOW0eioCTA6cOiMLiUPZOpcVxMig6NIQQ7OS05n1F4g=
github.com/gizak/termui/v3 v3.1.0 h1:ZZmVDgwHl7gR7elfKf1xc4IudXZ5qqfDh4wExk4Iajc=
github.com/gizak/termui/v3 v3.1.0/go.mod h1:bXQEBkJpzxUAKf0+xq9MSWAvWZlE7c+aidmyFlkYTrY=
github.com/gorilla/websocket v1.5.3 h1:saDtZ6Pbx/0u+bgYQ3q96pZgCzfhKXGPqt7kZ72aNNg=
github.com/gorilla/websocket v1.5.3/go.mod h1:YR8l580nyteQvAITg2hZ9XVh4b55+EU/adAjf1fMHhE=
github.com/inconshreveable/mousetrap v1.1.0 h1:wN+x4NVGpMsO7ErUn/mUI3vEoE6Jt13X2s0bqwp9tc8=
github.com/inconshreveable/mousetrap v1.1.0/go.mod h1:vpF70FUmC8bwa3OWnCshd2FqLfsEA9PFc4w1p2J65bw=
github.com/mattn/go-runewidth v0.0.2 h1:UnlwIPBGaTZfPQ6T1IGzPI0EkYAQmT9fAEJ/poFC63o=
github.com/mattn/go-runewidth v0.0.2/go.mod h1:LwmH8dsx7+W8Uxz3IHJYH5QSwggIsqBzpuz5H//U1FU=
github.com/mitchellh/go-wordwrap v0.0.0-20150314170334-ad45545899c7 h1:DpOJ2HYzCv8LZP15IdmG+YdwD2luVPHITV96TkirNBM=
github.com/mitchellh/go-wordwrap v0.0.0-20150314170334-ad45545899c7/go.mod h1:ZXFpozHsX6DPmq2I0TCekCxypsnAUbP2oI0UX1GXzOo=
github.com/nostalgist134/FuzzGIU v0.0.1 h1:5maeUXB1SguGMe5QOJA5XF6BNS/LiszEP355rYrMD6g=
github.com/nostalgist134/FuzzGIU v0.0.1/go.mod h1:shMjNzs9mIzG77FPP7QRXL3SmwVY9cdk/KUZk/X/Fsg=
github.com/nostalgist134/FuzzGIU v0.0.2 h1:UNNgxzg0a2DfpUTXuNAjlkstnYb9Gwrtc/fMilZaIhU=
github.com/nostalgist134/FuzzGIU v0.0.2/go.mod h1:shMjNzs9mIzG77FPP7QRXL3SmwVY9cdk/KUZk/X/Fsg=
github.com/nostalgist134/FuzzGIU v0.0.3 h1:UmiAa1Y+0iIOrXpjPZ/ZV07DkPFMQ5OUbEbDo+GMR1s=
github.com/nostalgist134/FuzzGIU v0.0.3/go.mod h1:shMjNzs9mIzG77FPP7QRXL3SmwVY9cdk/KUZk/X/Fsg=
github.com/nostalgist134/FuzzGIU v0.0.4-1 h1:FVy0eIqL7iKHowWqydb44bfZmufJAceVJS3PHRS/8OA=
github.com/nostalgist134/FuzzGIU v0.0.4-1/go.mod h1:shMjNzs9mIzG77FPP7QRXL3SmwVY9cdk/KUZk/X/Fsg=
github.com/nostalgist134/FuzzGIU v0.0.4 h1:cQ51A8I84p/P7bkZcSP0hWycCYIFCA7BJ0y+vdeeQJI=
github.com/nostalgist134/FuzzGIU v0.0.4/go.mod h1:shMjNzs9mIzG77FPP7QRXL3SmwVY9cdk/KUZk/X/Fsg=
github.com/nostalgist134/FuzzGIU v0.0.5 h1:85kU5j2TCFpZ/X/rY1Y1OEMs9P0Lqbm3GoXpH7UEnJQ=
github.com/nostalgist134/FuzzGIU v0.0.5/go.mod h1:shMjNzs9mIzG77FPP7QRXL3SmwVY9cdk/KUZk/X/Fsg=
github.com/nostalgist134/FuzzGIU v0.0.6 h1:KZ+MzctktO8uLtlZf3prQHaVn9w2To4VC48NQWSKGJA=
github.com/nostalgist134/FuzzGIU v0.0.6/go.mod h1:shMjNzs9mIzG77FPP7QRXL3SmwVY9cdk/KUZk/X/Fsg=
github.com/nostalgist134/FuzzGIU v0.0.7 h1:QFKK4xXc/ENAwaZg7Sgr8ja59bhRXlTgDDurDJgBxGM=
github.com/nostalgist134/FuzzGIU v0.0.7/go.mod h1:shMjNzs9mIzG77FPP7QRXL3SmwVY9cdk/KUZk/X/Fsg=
github.com/nostalgist134/FuzzGIU v0.0.8-2 h1:FIfwUOUSi17qcdhcwyykrRI4LBvf/juhzmXDN+4hJJQ=
github.com/nostalgist134/FuzzGIU v0.0.8-2/go.mod h1:shMjNzs9mIzG77FPP7QRXL3SmwVY9cdk/KUZk/X/Fsg=
github.com/nostalgist134/FuzzGIU v0.0.8 h1:pCb5nnoNtNRq/5kc/GUgfbwhuiAAnellk3GqmWpyLGM=
github.com/nostalgist134/FuzzGIU v0.0.8/go.mod h1:shMjNzs9mIzG77FPP7QRXL3SmwVY9cdk/KUZk/X/Fsg=
github.com/nostalgist134/FuzzGIU v0.0.9/go.mod h1:shMjNzs9mIzG77FPP7QRXL3SmwVY9cdk/KUZk/X/Fsg=
github.com/nostalgist134/FuzzGIU v0.1.0 h1:Nwkj7ZSi5xOVE3Hjo+el0ZeirC+quKWP+PZWWsGd/mc=
github.com/nostalgist134/FuzzGIU v0.1.0/go.mod h1:YXFW+qy6wyQFWwvbIG//XsHe+lTbyBJYfR0hXvfRFrw=
github.com/nostalgist134/reusableBytes v0.0.2 h1:eQj9aiaaOEB5xdbnidrb8uT3COvC9TUYGznty4qyZzw=
github.com/nostalgist134/reusableBytes v0.0.2/go.mod h1:mZemtIh4BOVlMNa+hxomvKz2+3IPuVTGSoBBOwdGKm8=
github.com/nsf/termbox-go v0.0.0-20190121233118-02980233997d h1:x3S6kxmy49zXVVyhcnrFqxvNVCBPb2KZ9hV2RBdS840=
github.com/nsf/termbox-go v0.0.0-20190121233118-02980233997d/go.mod h1:IuKpRQcYE1Tfu+oAQqaLisqDeXgjyyltCfsaoYN18NQ=
github.com/russross/blackfriday/v2 v2.1.0/go.mod h1:+Rmxgy9KzJVeS9/2gXHxylqXiyQDYRxCVz55jmeOWTM=
github.com/spf13/cobra v1.9.1 h1:CXSaggrXdbHK9CF+8ywj8Amf7PBRmPCOJugH954Nnlo=
github.com/spf13/cobra v1.9.1/go.mod h1:nDyEzZ8ogv936Cinf6g1RU9MRY64Ir93oCnqb9wxYW0=
github.com/spf13/pflag v1.0.6 h1:jFzHGLGAlb3ruxLB8MhbI6A8+AQX/2eW4qeyNZXNp2o=
github.com/spf13/pflag v1.0.6/go.mod h1:McXfInJRrz4CZXVZOBLb0bTZqETkiAhM9Iw0y3An2Bg=
golang.org/x/sys v0.34.0 h1:H5Y5sJ2L2JRdyv7ROF1he/lPdvFsd0mJHFw2ThKHxLA=
golang.org/x/sys v0.34.0/go.mod h1:BJP2sWEmIv4KK5OTEluFJCKSidICx8ciO85XgH3Ak8k=
golang.org/x/term v0.33.0 h1:NuFncQrRcaRvVmgRkvM3j/F00gWIAlcmlB8ACEKmGIg=
golang.org/x/term v0.33.0/go.mod h1:s18+ql9tYWp1IfpV9DmCtQDDSRBUjKaw9M1eAv5UeF0=
gopkg.in/check.v1 v0.0.0-20161208181325-20d25e280405/go.mod h1:Co6ibVJAznAaIkqp8huTwlJQCZ016jof/cbN4VW5Yz0=
gopkg.in/yaml.v3 v3.0.1/go.mod h1:K4uyk7z7BCEPqu6E+C64Yfv1cQ7kz7rIZviUmN+EgEM=
